
Microsoft Visual Studio Solution File, Format Version 12.00
# Visual Studio Version 17
VisualStudioVersion = 17.14.36616.10 d17.14
MinimumVisualStudioVersion = 10.0.40219.1
Project("{2150E333-8FDC-42A3-9474-1A3956D46DE8}") = "Task0", "Task0", "{36D591C7-65C7-A0D1-1CBC-10CDE441BDC8}"
EndProject
Project("{2150E333-8FDC-42A3-9474-1A3956D46DE8}") = "Task1", "Task1", "{78DAF497-972D-4101-BC8B-9F0816897D0A}"
EndProject
Project("{2150E333-8FDC-42A3-9474-1A3956D46DE8}") = "Task2", "Task2", "{25F4CA23-CEE2-4172-8DA8-DE7FA1FC13FB}"
EndProject
Project("{2150E333-8FDC-42A3-9474-1A3956D46DE8}") = "Task3", "Task3", "{53675EDE-78C9-4BED-A0AD-C0E317A98313}"
EndProject
Project("{2150E333-8FDC-42A3-9474-1A3956D46DE8}") = "Task4", "Task4", "{200D877D-A367-4A65-A7B5-05E70B082F33}"
EndProject
Project("{2150E333-8FDC-42A3-9474-1A3956D46DE8}") = "Task5", "Task5", "{2A2F440D-C525-4188-9321-2BD8E0F0EB28}"
EndProject
Project("{2150E333-8FDC-42A3-9474-1A3956D46DE8}") = "Task7", "Task7", "{58D8CE1D-53A1-43C9-90E4-FED10CD91068}"
EndProject
Project("{2150E333-8FDC-42A3-9474-1A3956D46DE8}") = "Task6", "Task6", "{8AC8CCFA-CEF8-4AA1-B9BB-B592FFA1B5B0}"
EndProject
Project("{FAE04EC0-301F-11D3-BF4B-00C04F79EFBC}") = "Tyuiu.ZolotovaKA.Sprint4.Task0.V15", "Tyuiu.ZolotovaKA.Sprint4.Task0.V15\Tyuiu.ZolotovaKA.Sprint4.Task0.V15.csproj", "{1D80C048-650E-4603-8C2B-BB202B28E610}"
EndProject
Project("{FAE04EC0-301F-11D3-BF4B-00C04F79EFBC}") = "Tyuiu.ZolotovaKA.Sprint4.Task0.V15.Lib", "Tyuiu.ZolotovaKA.Sprint4.Task0.V15.Lib\Tyuiu.ZolotovaKA.Sprint4.Task0.V15.Lib.csproj", "{FD0511D2-722B-4259-81F4-901F6182486D}"
EndProject
Project("{FAE04EC0-301F-11D3-BF4B-00C04F79EFBC}") = "Tyuiu.ZolotovaKA.Sprint4.Task0.V15.Test", "Tyuiu.ZolotovaKA.Sprint4.Task0.V15.Test\Tyuiu.ZolotovaKA.Sprint4.Task0.V15.Test.csproj", "{6105ECE2-49ED-4151-968D-E5DC5BF58BD8}"
EndProject
Project("{FAE04EC0-301F-11D3-BF4B-00C04F79EFBC}") = "Tyuiu.ZolotovaKA.Sprint4.Task1.V21", "Tyuiu.ZolotovaKA.Sprint4.Task1.V21\Tyuiu.ZolotovaKA.Sprint4.Task1.V21.csproj", "{D8C9EB32-1DA7-4963-BFDE-146CF1921FFA}"
EndProject
Project("{FAE04EC0-301F-11D3-BF4B-00C04F79EFBC}") = "Tyuiu.ZolotovaKA.Sprint4.Task1.V21.Test", "Tyuiu.ZolotovaKA.Sprint4.Task1.V21.Test\Tyuiu.ZolotovaKA.Sprint4.Task1.V21.Test.csproj", "{D2621A26-B319-47CA-A8D8-8B7831DE73FB}"
EndProject
Project("{FAE04EC0-301F-11D3-BF4B-00C04F79EFBC}") = "Tyuiu.ZolotovaKA.Sprint4.Task1.V21.Lib", "Tyuiu.ZolotovaKA.Sprint4.Task1.V21.Lib\Tyuiu.ZolotovaKA.Sprint4.Task1.V21.Lib.csproj", "{902BD669-44BB-4BEB-B3D5-88A1A77B9FCA}"
EndProject
Project("{FAE04EC0-301F-11D3-BF4B-00C04F79EFBC}") = "Tyuiu.ZolotovaKA.Sprint4.Task2.V14", "Tyuiu.ZolotovaKA.Sprint4.Task2.V14\Tyuiu.ZolotovaKA.Sprint4.Task2.V14.csproj", "{7CCAE0CE-C117-44D1-91F1-DD8892754D66}"
EndProject
Project("{FAE04EC0-301F-11D3-BF4B-00C04F79EFBC}") = "Tyuiu.ZolotovaKA.Sprint4.Task2.V14.Lib", "Tyuiu.ZolotovaKA.Sprint4.Task2.V14.Lib\Tyuiu.ZolotovaKA.Sprint4.Task2.V14.Lib.csproj", "{4BFBB33D-F518-4D88-8501-E0846979B546}"
EndProject
Project("{FAE04EC0-301F-11D3-BF4B-00C04F79EFBC}") = "Tyuiu.ZolotovaKA.Sprint4.Task2.V14.Test", "Tyuiu.ZolotovaKA.Sprint4.Task2.V14.Test\Tyuiu.ZolotovaKA.Sprint4.Task2.V14.Test.csproj", "{E91819BD-0755-4C0F-BD0A-62F0F4EBD6DB}"
EndProject
Project("{FAE04EC0-301F-11D3-BF4B-00C04F79EFBC}") = "Tyuiu.ZolotovaKA.Sprint4.Task3.V17", "Tyuiu.ZolotovaKA.Sprint4.Task3.V17\Tyuiu.ZolotovaKA.Sprint4.Task3.V17.csproj", "{FD06CCC3-153B-4057-8886-FCC583F85CDA}"
EndProject
Project("{FAE04EC0-301F-11D3-BF4B-00C04F79EFBC}") = "Tyuiu.ZolotovaKA.Sprint4.Task3.V17.Test", "Tyuiu.ZolotovaKA.Sprint4.Task3.V17.Test\Tyuiu.ZolotovaKA.Sprint4.Task3.V17.Test.csproj", "{AE555D28-A27F-4A54-8501-54ED565C9644}"
EndProject
Project("{FAE04EC0-301F-11D3-BF4B-00C04F79EFBC}") = "Tyuiu.ZolotovaKA.Sprint4.Task3.V17.Lib", "Tyuiu.ZolotovaKA.Sprint4.Task3.V17.Lib\Tyuiu.ZolotovaKA.Sprint4.Task3.V17.Lib.csproj", "{CBCD8514-0BAA-47A9-82BE-917759946315}"
EndProject
Project("{FAE04EC0-301F-11D3-BF4B-00C04F79EFBC}") = "Tyuiu.ZolotovaKA.Sprint4.Task4.V16", "Tyuiu.ZolotovaKA.Sprint4.Task4.V16\Tyuiu.ZolotovaKA.Sprint4.Task4.V16.csproj", "{9CED03B5-7BF7-454A-894D-AEFCAC96D68B}"
EndProject
Project("{FAE04EC0-301F-11D3-BF4B-00C04F79EFBC}") = "Tyuiu.ZolotovaKA.Sprint4.Task4.V16.Lib", "Tyuiu.ZolotovaKA.Sprint4.Task4.V16.Lib\Tyuiu.ZolotovaKA.Sprint4.Task4.V16.Lib.csproj", "{8DA93942-685D-4CBF-9422-5A9F28E33921}"
EndProject
Project("{FAE04EC0-301F-11D3-BF4B-00C04F79EFBC}") = "Tyuiu.ZolotovaKA.Sprint4.Task4.V16.Test", "Tyuiu.ZolotovaKA.Sprint4.Task4.V16.Test\Tyuiu.ZolotovaKA.Sprint4.Task4.V16.Test.csproj", "{44FA31DF-6C36-4F84-BEE8-EC047839AFB1}"
EndProject
Project("{FAE04EC0-301F-11D3-BF4B-00C04F79EFBC}") = "Tyuiu.ZolotovaKA.Sprint4.Task5.V8", "Tyuiu.ZolotovaKA.Sprint4.Task5.V8\Tyuiu.ZolotovaKA.Sprint4.Task5.V8.csproj", "{5548E5DD-69BB-4BEE-8485-216C2DC6B03C}"
EndProject
Project("{FAE04EC0-301F-11D3-BF4B-00C04F79EFBC}") = "Tyuiu.ZolotovaKA.Sprint4.Task5.V8.Test", "Tyuiu.ZolotovaKA.Sprint4.Task5.V8.Test\Tyuiu.ZolotovaKA.Sprint4.Task5.V8.Test.csproj", "{C26CA327-28A0-49D0-9A7F-0C5036CFFCCD}"
EndProject
Project("{FAE04EC0-301F-11D3-BF4B-00C04F79EFBC}") = "Tyuiu.ZolotovaKA.Sprint4.Task5.V8.Lib", "Tyuiu.ZolotovaKA.Sprint4.Task5.V8.Lib\Tyuiu.ZolotovaKA.Sprint4.Task5.V8.Lib.csproj", "{4065C4FB-654A-4DDB-BF6C-E483A1E502EC}"
EndProject
Project("{FAE04EC0-301F-11D3-BF4B-00C04F79EFBC}") = "Tyuiu.ZolotovaKA.Sprint4.Task6.V3", "Tyuiu.ZolotovaKA.Sprint4.Task6.V3\Tyuiu.ZolotovaKA.Sprint4.Task6.V3.csproj", "{9EFE5B51-52AD-46F9-9D1E-C87A96EA6F2B}"
EndProject
Project("{FAE04EC0-301F-11D3-BF4B-00C04F79EFBC}") = "Tyuiu.ZolotovaKA.Sprint4.Task6.V3.Lib", "Tyuiu.ZolotovaKA.Sprint4.Task6.V3.Lib\Tyuiu.ZolotovaKA.Sprint4.Task6.V3.Lib.csproj", "{F3597413-62EB-499F-B115-A7B8726E9B44}"
EndProject
Project("{FAE04EC0-301F-11D3-BF4B-00C04F79EFBC}") = "Tyuiu.ZolotovaKA.Sprint4.Task6.V3.Test", "Tyuiu.ZolotovaKA.Sprint4.Task6.V3.Test\Tyuiu.ZolotovaKA.Sprint4.Task6.V3.Test.csproj", "{CC673C91-50AD-4246-9647-4353CB7B9EA1}"
EndProject
Project("{FAE04EC0-301F-11D3-BF4B-00C04F79EFBC}") = "Tyuiu.ZolotovaKA.Sprint4.Task7.V2", "Tyuiu.ZolotovaKA.Sprint4.Task7.V2\Tyuiu.ZolotovaKA.Sprint4.Task7.V2.csproj", "{E9DD4EEA-E4A4-47A6-A611-C99A575E1CDF}"
EndProject
Project("{FAE04EC0-301F-11D3-BF4B-00C04F79EFBC}") = "Tyuiu.ZolotovaKA.Sprint4.Task7.V2.Lib", "Tyuiu.ZolotovaKA.Sprint4.Task7.V2.Lib\Tyuiu.ZolotovaKA.Sprint4.Task7.V2.Lib.csproj", "{40E6F2D2-4D19-4407-A9EC-8A809FA86D57}"
EndProject
Project("{FAE04EC0-301F-11D3-BF4B-00C04F79EFBC}") = "Tyuiu.ZolotovaKA.Sprint4.Task7.V2.Test", "Tyuiu.ZolotovaKA.Sprint4.Task7.V2.Test\Tyuiu.ZolotovaKA.Sprint4.Task7.V2.Test.csproj", "{7E7D3371-96CD-456D-BE27-CDB10248EAA0}"
EndProject
Global
	GlobalSection(SolutionConfigurationPlatforms) = preSolution
		Debug|Any CPU = Debug|Any CPU
		Release|Any CPU = Release|Any CPU
	EndGlobalSection
	GlobalSection(ProjectConfigurationPlatforms) = postSolution
		{1D80C048-650E-4603-8C2B-BB202B28E610}.Debug|Any CPU.ActiveCfg = Debug|Any CPU
		{1D80C048-650E-4603-8C2B-BB202B28E610}.Debug|Any CPU.Build.0 = Debug|Any CPU
		{1D80C048-650E-4603-8C2B-BB202B28E610}.Release|Any CPU.ActiveCfg = Release|Any CPU
		{1D80C048-650E-4603-8C2B-BB202B28E610}.Release|Any CPU.Build.0 = Release|Any CPU
		{FD0511D2-722B-4259-81F4-901F6182486D}.Debug|Any CPU.ActiveCfg = Debug|Any CPU
		{FD0511D2-722B-4259-81F4-901F6182486D}.Debug|Any CPU.Build.0 = Debug|Any CPU
		{FD0511D2-722B-4259-81F4-901F6182486D}.Release|Any CPU.ActiveCfg = Release|Any CPU
		{FD0511D2-722B-4259-81F4-901F6182486D}.Release|Any CPU.Build.0 = Release|Any CPU
		{6105ECE2-49ED-4151-968D-E5DC5BF58BD8}.Debug|Any CPU.ActiveCfg = Debug|Any CPU
		{6105ECE2-49ED-4151-968D-E5DC5BF58BD8}.Debug|Any CPU.Build.0 = Debug|Any CPU
		{6105ECE2-49ED-4151-968D-E5DC5BF58BD8}.Release|Any CPU.ActiveCfg = Release|Any CPU
		{6105ECE2-49ED-4151-968D-E5DC5BF58BD8}.Release|Any CPU.Build.0 = Release|Any CPU
		{D8C9EB32-1DA7-4963-BFDE-146CF1921FFA}.Debug|Any CPU.ActiveCfg = Debug|Any CPU
		{D8C9EB32-1DA7-4963-BFDE-146CF1921FFA}.Debug|Any CPU.Build.0 = Debug|Any CPU
		{D8C9EB32-1DA7-4963-BFDE-146CF1921FFA}.Release|Any CPU.ActiveCfg = Release|Any CPU
		{D8C9EB32-1DA7-4963-BFDE-146CF1921FFA}.Release|Any CPU.Build.0 = Release|Any CPU
		{D2621A26-B319-47CA-A8D8-8B7831DE73FB}.Debug|Any CPU.ActiveCfg = Debug|Any CPU
		{D2621A26-B319-47CA-A8D8-8B7831DE73FB}.Debug|Any CPU.Build.0 = Debug|Any CPU
		{D2621A26-B319-47CA-A8D8-8B7831DE73FB}.Release|Any CPU.ActiveCfg = Release|Any CPU
		{D2621A26-B319-47CA-A8D8-8B7831DE73FB}.Release|Any CPU.Build.0 = Release|Any CPU
		{902BD669-44BB-4BEB-B3D5-88A1A77B9FCA}.Debug|Any CPU.ActiveCfg = Debug|Any CPU
		{902BD669-44BB-4BEB-B3D5-88A1A77B9FCA}.Debug|Any CPU.Build.0 = Debug|Any CPU
		{902BD669-44BB-4BEB-B3D5-88A1A77B9FCA}.Release|Any CPU.ActiveCfg = Release|Any CPU
		{902BD669-44BB-4BEB-B3D5-88A1A77B9FCA}.Release|Any CPU.Build.0 = Release|Any CPU
		{7CCAE0CE-C117-44D1-91F1-DD8892754D66}.Debug|Any CPU.ActiveCfg = Debug|Any CPU
		{7CCAE0CE-C117-44D1-91F1-DD8892754D66}.Debug|Any CPU.Build.0 = Debug|Any CPU
		{7CCAE0CE-C117-44D1-91F1-DD8892754D66}.Release|Any CPU.ActiveCfg = Release|Any CPU
		{7CCAE0CE-C117-44D1-91F1-DD8892754D66}.Release|Any CPU.Build.0 = Release|Any CPU
		{4BFBB33D-F518-4D88-8501-E0846979B546}.Debug|Any CPU.ActiveCfg = Debug|Any CPU
		{4BFBB33D-F518-4D88-8501-E0846979B546}.Debug|Any CPU.Build.0 = Debug|Any CPU
		{4BFBB33D-F518-4D88-8501-E0846979B546}.Release|Any CPU.ActiveCfg = Release|Any CPU
		{4BFBB33D-F518-4D88-8501-E0846979B546}.Release|Any CPU.Build.0 = Release|Any CPU
		{E91819BD-0755-4C0F-BD0A-62F0F4EBD6DB}.Debug|Any CPU.ActiveCfg = Debug|Any CPU
		{E91819BD-0755-4C0F-BD0A-62F0F4EBD6DB}.Debug|Any CPU.Build.0 = Debug|Any CPU
		{E91819BD-0755-4C0F-BD0A-62F0F4EBD6DB}.Release|Any CPU.ActiveCfg = Release|Any CPU
		{E91819BD-0755-4C0F-BD0A-62F0F4EBD6DB}.Release|Any CPU.Build.0 = Release|Any CPU
		{FD06CCC3-153B-4057-8886-FCC583F85CDA}.Debug|Any CPU.ActiveCfg = Debug|Any CPU
		{FD06CCC3-153B-4057-8886-FCC583F85CDA}.Debug|Any CPU.Build.0 = Debug|Any CPU
		{FD06CCC3-153B-4057-8886-FCC583F85CDA}.Release|Any CPU.ActiveCfg = Release|Any CPU
		{FD06CCC3-153B-4057-8886-FCC583F85CDA}.Release|Any CPU.Build.0 = Release|Any CPU
		{AE555D28-A27F-4A54-8501-54ED565C9644}.Debug|Any CPU.ActiveCfg = Debug|Any CPU
		{AE555D28-A27F-4A54-8501-54ED565C9644}.Debug|Any CPU.Build.0 = Debug|Any CPU
		{AE555D28-A27F-4A54-8501-54ED565C9644}.Release|Any CPU.ActiveCfg = Release|Any CPU
		{AE555D28-A27F-4A54-8501-54ED565C9644}.Release|Any CPU.Build.0 = Release|Any CPU
		{CBCD8514-0BAA-47A9-82BE-917759946315}.Debug|Any CPU.ActiveCfg = Debug|Any CPU
		{CBCD8514-0BAA-47A9-82BE-917759946315}.Debug|Any CPU.Build.0 = Debug|Any CPU
		{CBCD8514-0BAA-47A9-82BE-917759946315}.Release|Any CPU.ActiveCfg = Release|Any CPU
		{CBCD8514-0BAA-47A9-82BE-917759946315}.Release|Any CPU.Build.0 = Release|Any CPU
		{9CED03B5-7BF7-454A-894D-AEFCAC96D68B}.Debug|Any CPU.ActiveCfg = Debug|Any CPU
		{9CED03B5-7BF7-454A-894D-AEFCAC96D68B}.Debug|Any CPU.Build.0 = Debug|Any CPU
		{9CED03B5-7BF7-454A-894D-AEFCAC96D68B}.Release|Any CPU.ActiveCfg = Release|Any CPU
		{9CED03B5-7BF7-454A-894D-AEFCAC96D68B}.Release|Any CPU.Build.0 = Release|Any CPU
		{8DA93942-685D-4CBF-9422-5A9F28E33921}.Debug|Any CPU.ActiveCfg = Debug|Any CPU
		{8DA93942-685D-4CBF-9422-5A9F28E33921}.Debug|Any CPU.Build.0 = Debug|Any CPU
		{8DA93942-685D-4CBF-9422-5A9F28E33921}.Release|Any CPU.ActiveCfg = Release|Any CPU
		{8DA93942-685D-4CBF-9422-5A9F28E33921}.Release|Any CPU.Build.0 = Release|Any CPU
		{44FA31DF-6C36-4F84-BEE8-EC047839AFB1}.Debug|Any CPU.ActiveCfg = Debug|Any CPU
		{44FA31DF-6C36-4F84-BEE8-EC047839AFB1}.Debug|Any CPU.Build.0 = Debug|Any CPU
		{44FA31DF-6C36-4F84-BEE8-EC047839AFB1}.Release|Any CPU.ActiveCfg = Release|Any CPU
		{44FA31DF-6C36-4F84-BEE8-EC047839AFB1}.Release|Any CPU.Build.0 = Release|Any CPU
		{5548E5DD-69BB-4BEE-8485-216C2DC6B03C}.Debug|Any CPU.ActiveCfg = Debug|Any CPU
		{5548E5DD-69BB-4BEE-8485-216C2DC6B03C}.Debug|Any CPU.Build.0 = Debug|Any CPU
		{5548E5DD-69BB-4BEE-8485-216C2DC6B03C}.Release|Any CPU.ActiveCfg = Release|Any CPU
		{5548E5DD-69BB-4BEE-8485-216C2DC6B03C}.Release|Any CPU.Build.0 = Release|Any CPU
		{C26CA327-28A0-49D0-9A7F-0C5036CFFCCD}.Debug|Any CPU.ActiveCfg = Debug|Any CPU
		{C26CA327-28A0-49D0-9A7F-0C5036CFFCCD}.Debug|Any CPU.Build.0 = Debug|Any CPU
		{C26CA327-28A0-49D0-9A7F-0C5036CFFCCD}.Release|Any CPU.ActiveCfg = Release|Any CPU
		{C26CA327-28A0-49D0-9A7F-0C5036CFFCCD}.Release|Any CPU.Build.0 = Release|Any CPU
		{4065C4FB-654A-4DDB-BF6C-E483A1E502EC}.Debug|Any CPU.ActiveCfg = Debug|Any CPU
		{4065C4FB-654A-4DDB-BF6C-E483A1E502EC}.Debug|Any CPU.Build.0 = Debug|Any CPU
		{4065C4FB-654A-4DDB-BF6C-E483A1E502EC}.Release|Any CPU.ActiveCfg = Release|Any CPU
		{4065C4FB-654A-4DDB-BF6C-E483A1E502EC}.Release|Any CPU.Build.0 = Release|Any CPU
		{9EFE5B51-52AD-46F9-9D1E-C87A96EA6F2B}.Debug|Any CPU.ActiveCfg = Debug|Any CPU
		{9EFE5B51-52AD-46F9-9D1E-C87A96EA6F2B}.Debug|Any CPU.Build.0 = Debug|Any CPU
		{9EFE5B51-52AD-46F9-9D1E-C87A96EA6F2B}.Release|Any CPU.ActiveCfg = Release|Any CPU
		{9EFE5B51-52AD-46F9-9D1E-C87A96EA6F2B}.Release|Any CPU.Build.0 = Release|Any CPU
		{F3597413-62EB-499F-B115-A7B8726E9B44}.Debug|Any CPU.ActiveCfg = Debug|Any CPU
		{F3597413-62EB-499F-B115-A7B8726E9B44}.Debug|Any CPU.Build.0 = Debug|Any CPU
		{F3597413-62EB-499F-B115-A7B8726E9B44}.Release|Any CPU.ActiveCfg = Release|Any CPU
		{F3597413-62EB-499F-B115-A7B8726E9B44}.Release|Any CPU.Build.0 = Release|Any CPU
		{CC673C91-50AD-4246-9647-4353CB7B9EA1}.Debug|Any CPU.ActiveCfg = Debug|Any CPU
		{CC673C91-50AD-4246-9647-4353CB7B9EA1}.Debug|Any CPU.Build.0 = Debug|Any CPU
		{CC673C91-50AD-4246-9647-4353CB7B9EA1}.Release|Any CPU.ActiveCfg = Release|Any CPU
		{CC673C91-50AD-4246-9647-4353CB7B9EA1}.Release|Any CPU.Build.0 = Release|Any CPU
		{E9DD4EEA-E4A4-47A6-A611-C99A575E1CDF}.Debug|Any CPU.ActiveCfg = Debug|Any CPU
		{E9DD4EEA-E4A4-47A6-A611-C99A575E1CDF}.Debug|Any CPU.Build.0 = Debug|Any CPU
		{E9DD4EEA-E4A4-47A6-A611-C99A575E1CDF}.Release|Any CPU.ActiveCfg = Release|Any CPU
		{E9DD4EEA-E4A4-47A6-A611-C99A575E1CDF}.Release|Any CPU.Build.0 = Release|Any CPU
		{40E6F2D2-4D19-4407-A9EC-8A809FA86D57}.Debug|Any CPU.ActiveCfg = Debug|Any CPU
		{40E6F2D2-4D19-4407-A9EC-8A809FA86D57}.Debug|Any CPU.Build.0 = Debug|Any CPU
		{40E6F2D2-4D19-4407-A9EC-8A809FA86D57}.Release|Any CPU.ActiveCfg = Release|Any CPU
		{40E6F2D2-4D19-4407-A9EC-8A809FA86D57}.Release|Any CPU.Build.0 = Release|Any CPU
		{7E7D3371-96CD-456D-BE27-CDB10248EAA0}.Debug|Any CPU.ActiveCfg = Debug|Any CPU
		{7E7D3371-96CD-456D-BE27-CDB10248EAA0}.Debug|Any CPU.Build.0 = Debug|Any CPU
		{7E7D3371-96CD-456D-BE27-CDB10248EAA0}.Release|Any CPU.ActiveCfg = Release|Any CPU
		{7E7D3371-96CD-456D-BE27-CDB10248EAA0}.Release|Any CPU.Build.0 = Release|Any CPU
	EndGlobalSection
	GlobalSection(SolutionProperties) = preSolution
		HideSolutionNode = FALSE
	EndGlobalSection
	GlobalSection(NestedProjects) = preSolution
		{1D80C048-650E-4603-8C2B-BB202B28E610} = {36D591C7-65C7-A0D1-1CBC-10CDE441BDC8}
		{FD0511D2-722B-4259-81F4-901F6182486D} = {36D591C7-65C7-A0D1-1CBC-10CDE441BDC8}
		{6105ECE2-49ED-4151-968D-E5DC5BF58BD8} = {36D591C7-65C7-A0D1-1CBC-10CDE441BDC8}
		{D8C9EB32-1DA7-4963-BFDE-146CF1921FFA} = {78DAF497-972D-4101-BC8B-9F0816897D0A}
		{D2621A26-B319-47CA-A8D8-8B7831DE73FB} = {78DAF497-972D-4101-BC8B-9F0816897D0A}
		{902BD669-44BB-4BEB-B3D5-88A1A77B9FCA} = {78DAF497-972D-4101-BC8B-9F0816897D0A}
		{7CCAE0CE-C117-44D1-91F1-DD8892754D66} = {25F4CA23-CEE2-4172-8DA8-DE7FA1FC13FB}
		{4BFBB33D-F518-4D88-8501-E0846979B546} = {25F4CA23-CEE2-4172-8DA8-DE7FA1FC13FB}
		{E91819BD-0755-4C0F-BD0A-62F0F4EBD6DB} = {25F4CA23-CEE2-4172-8DA8-DE7FA1FC13FB}
		{FD06CCC3-153B-4057-8886-FCC583F85CDA} = {53675EDE-78C9-4BED-A0AD-C0E317A98313}
		{AE555D28-A27F-4A54-8501-54ED565C9644} = {53675EDE-78C9-4BED-A0AD-C0E317A98313}
		{CBCD8514-0BAA-47A9-82BE-917759946315} = {53675EDE-78C9-4BED-A0AD-C0E317A98313}
		{9CED03B5-7BF7-454A-894D-AEFCAC96D68B} = {200D877D-A367-4A65-A7B5-05E70B082F33}
		{8DA93942-685D-4CBF-9422-5A9F28E33921} = {200D877D-A367-4A65-A7B5-05E70B082F33}
		{44FA31DF-6C36-4F84-BEE8-EC047839AFB1} = {200D877D-A367-4A65-A7B5-05E70B082F33}
		{5548E5DD-69BB-4BEE-8485-216C2DC6B03C} = {2A2F440D-C525-4188-9321-2BD8E0F0EB28}
		{C26CA327-28A0-49D0-9A7F-0C5036CFFCCD} = {2A2F440D-C525-4188-9321-2BD8E0F0EB28}
		{4065C4FB-654A-4DDB-BF6C-E483A1E502EC} = {2A2F440D-C525-4188-9321-2BD8E0F0EB28}
		{9EFE5B51-52AD-46F9-9D1E-C87A96EA6F2B} = {8AC8CCFA-CEF8-4AA1-B9BB-B592FFA1B5B0}
		{F3597413-62EB-499F-B115-A7B8726E9B44} = {8AC8CCFA-CEF8-4AA1-B9BB-B592FFA1B5B0}
		{CC673C91-50AD-4246-9647-4353CB7B9EA1} = {8AC8CCFA-CEF8-4AA1-B9BB-B592FFA1B5B0}
		{E9DD4EEA-E4A4-47A6-A611-C99A575E1CDF} = {58D8CE1D-53A1-43C9-90E4-FED10CD91068}
		{40E6F2D2-4D19-4407-A9EC-8A809FA86D57} = {58D8CE1D-53A1-43C9-90E4-FED10CD91068}
		{7E7D3371-96CD-456D-BE27-CDB10248EAA0} = {58D8CE1D-53A1-43C9-90E4-FED10CD91068}
	EndGlobalSection
	GlobalSection(ExtensibilityGlobals) = postSolution
		SolutionGuid = {CBA0B6EE-5C60-4839-AA0A-F6A100448517}
	EndGlobalSection
EndGlobal
